{
  "version": 2,
  "dependencies": {
    "net8.0": {
      "GitVersion.MsBuild": {
        "type": "Direct",
        "requested": "[6.7.0, )",
        "resolved": "6.7.0",
        "contentHash": "0W5NHnfnogX0pfidRcJfqzfb8Yc/avBfq1qVuaHiHIjbtsjKHt9IFtt18p/ttCCeJlJe9fQliQ3pSkZQcibXlw=="
      },
      "Microsoft.NET.ILLink.Tasks": {
        "type": "Direct",
        "requested": "[8.0.29, )",
        "resolved": "8.0.29",
        "contentHash": "HSBTfrkIZijz8z3ybLRKB7E8rHk4QQufFwpHa9fc5CMIgRhRzdn4mBGmlyXZqaueiMPtuJcnjresGvSTfaW8Mg=="
      }
    }
  }
}